{
  "requires": true,
  "lockfileVersion": 1,
  "dependencies": {
    "diff": {
      "version": "4.0.2",
      "resolved": "https://npm-registry.local.corp.stripe.com/diff/-/diff-4.0.2.tgz",
      "integrity": "sha512-58lmxKSA4BNyLz+HHMUzlOEpg09FV+ev6ZMe3vJihgdxzgcwZ8VoEEPmALCZG9LmqfVoNMMKpttIYTVG6uDY7A=="
    },
    "yaml-js": {
      "version": "0.2.3",
      "resolved": "https://npm-registry.local.corp.stripe.com/yaml-js/-/yaml-js-0.2.3.tgz",
      "integrity": "sha512-6xUQtVKl1qcd0EXtTEzUDVJy9Ji1fYa47LtkDtYKlIjhibPE9knNPmoRyf6SGREFHlOAUyDe9OdYqRP4DuSi5Q=="
    }
  }
}
